
Microsoft Visual Studio Solution File, Format Version 12.00
# Visual Studio Version 16
VisualStudioVersion = 16.0.31624.102
MinimumVisualStudioVersion = 10.0.40219.1
Project("{FAE04EC0-301F-11D3-BF4B-00C04F79EFBC}") = "Individuellt projekt Viktor", "Individuellt projekt Viktor\Individuellt projekt Viktor.csproj", "{1BBABB9B-DC6C-49AB-A7C4-E57370A7C921}"
EndProject
Global
	GlobalSection(SolutionConfigurationPlatforms) = preSolution
		Debug|Any CPU = Debug|Any CPU
		Release|Any CPU = Release|Any CPU
	EndGlobalSection
	GlobalSection(ProjectConfigurationPlatforms) = postSolution
		{1BBABB9B-DC6C-49AB-A7C4-E57370A7C921}.Debug|Any CPU.ActiveCfg = Debug|Any CPU
		{1BBABB9B-DC6C-49AB-A7C4-E57370A7C921}.Debug|Any CPU.Build.0 = Debug|Any CPU
		{1BBABB9B-DC6C-49AB-A7C4-E57370A7C921}.Release|Any CPU.ActiveCfg = Release|Any CPU
		{1BBABB9B-DC6C-49AB-A7C4-E57370A7C921}.Release|Any CPU.Build.0 = Release|Any CPU
	EndGlobalSection
	GlobalSection(SolutionProperties) = preSolution
		HideSolutionNode = FALSE
	EndGlobalSection
	GlobalSection(ExtensibilityGlobals) = postSolution
		SolutionGuid = {DB8C046A-D4EA-49E8-95A7-478833DE8898}
	EndGlobalSection
EndGlobal
